{
  "name": "study-demos",
  "version": "1.0.0",
  "lockfileVersion": 1,
  "requires": true,
  "dependencies": {
    "commander": {
      "version": "2.20.3",
      "resolved": "https://registry.npm.taobao.org/commander/download/commander-2.20.3.tgz?cache=0&sync_timestamp=1584148318639&other_urls=https%3A%2F%2Fregistry.npm.taobao.org%2Fcommander%2Fdownload%2Fcommander-2.20.3.tgz",
      "integrity": "sha1-/UhehMA+tIgcIHIrpIA16FMa6zM="
    },
    "cssfilter": {
      "version": "0.0.10",
      "resolved": "https://registry.npm.taobao.org/cssfilter/download/cssfilter-0.0.10.tgz",
      "integrity": "sha1-xtJnJjKi5cg+AT5oZKQs6N79IK4="
    },
    "ejs": {
      "version": "3.0.1",
      "resolved": "https://registry.npm.taobao.org/ejs/download/ejs-3.0.1.tgz?cache=0&sync_timestamp=1574560175968&other_urls=https%3A%2F%2Fregistry.npm.taobao.org%2Fejs%2Fdownload%2Fejs-3.0.1.tgz",
      "integrity": "sha1-MMj27plIUCzDLoXDej+LObWmFKU="
    },
    "nodemailer": {
      "version": "6.4.6",
      "resolved": "https://registry.npm.taobao.org/nodemailer/download/nodemailer-6.4.6.tgz",
      "integrity": "sha1-039QT2Vgs2YW9kamBolP4YgZEH8="
    },
    "xss": {
      "version": "1.0.6",
      "resolved": "https://registry.npm.taobao.org/xss/download/xss-1.0.6.tgz",
      "integrity": "sha1-6vEen8R2464omUShAJ793YoSS1E=",
      "requires": {
        "commander": "^2.9.0",
        "cssfilter": "0.0.10"
      }
    }
  }
}
